NeoBundleLock DirDiff.vim 6c111f8b10c464afa45c6b62820bf3b50828c627
NeoBundleLock IndexedSearch 500a64a50dda26a4553b296c52eb6610bef55ae6
NeoBundleLock Tail-Bundle 958f11501032dbf0325f06578cbc6ec195dc2f37
NeoBundleLock dwm.vim cb7e6dd3031e3d8b27c11757ca3b49893ad919de
NeoBundleLock neobundle.vim 7a7022e7107168d8cb2be415d82156baa17dfb92
NeoBundleLock nerdcommenter 1f4bfd59920c101a30a74a07b824608a6e65f3fe
NeoBundleLock prolog.vim 280a5ec5d219900042585a862e5fab0c44dcd733
NeoBundleLock promptline.vim b6ce058b1321bdbfc1b0369cf0a6f7c1e58e99e3
NeoBundleLock restore_view.vim 8b933436e3ab8dec120841027183f0d72a4e2096
NeoBundleLock tagbar 7b36c46d17d57db34fdb0adac9ba6382d0bb5e66
NeoBundleLock unite-help f61cbf4015c143ebe6ca6cb589b088665a8325cd
NeoBundleLock unite-mark c6353b0b0a3ecb2dd316b57a351cd71eb580bf57
NeoBundleLock unite-outline 766d921e859eb54a7ac7c45c4052df7121ea6347
NeoBundleLock unite-session 2c7d226667c67ee996a04917316aa91d8f312d8c
NeoBundleLock unite.vim 018807942002a67614c93c8dd970a91e13b93690
NeoBundleLock vifm.vim 5ad4dee766def5d99997559a7116f10e63febe31
NeoBundleLock vim-airline 14d14cf951c08fc88ca6c3e6f28fe47b99421e23
NeoBundleLock vim-buffergator ed3bfc2b560f687075d9c2225079bfe43f1f2390
NeoBundleLock vim-fugitive 1ecd12d523ffe031b5840316eeae1f24dd8920e4
NeoBundleLock vim-repeat 7a6675f092842c8f81e71d5345bd7cdbf3759415
NeoBundleLock vim-rsi dfc5288097b83d1eb3173d8be348a11f3d467d8e
NeoBundleLock vim-unite-history 73c766a4dcaa52a1c0306aad81403dc4457c1776
NeoBundleLock vimproc.vim ee10f742304fc222e7fef694c67ca900c35fc579
