NeoBundleLock DirDiff.vim 6c111f8b10c464afa45c6b62820bf3b50828c627
NeoBundleLock IndexedSearch 500a64a50dda26a4553b296c52eb6610bef55ae6
NeoBundleLock Tail-Bundle 958f11501032dbf0325f06578cbc6ec195dc2f37
NeoBundleLock ctrlp.vim 2ecc721af2d3061bd5698a195ada29ed962118f0
NeoBundleLock dwm.vim cb7e6dd3031e3d8b27c11757ca3b49893ad919de
NeoBundleLock goyo.vim 8e8f1d45b61e1fce7f84ee061c38f9e033e86ff9
NeoBundleLock gundo.vim e7fe41024ace9047eee610f23311d44fd9d917c0
NeoBundleLock jedi-vim a0c3269420d21e48cdad77c832e2da4a290b3cb4
NeoBundleLock neobundle.vim cfbbde55a6b64251a7edec37f114bde614113613
NeoBundleLock nerdcommenter 1f4bfd59920c101a30a74a07b824608a6e65f3fe
NeoBundleLock prolog.vim 280a5ec5d219900042585a862e5fab0c44dcd733
NeoBundleLock promptline.vim b6ce058b1321bdbfc1b0369cf0a6f7c1e58e99e3
NeoBundleLock python-syntax 69760cb3accce488cc072772ca918ac2cbf384ba
NeoBundleLock restore_view.vim 8b933436e3ab8dec120841027183f0d72a4e2096
NeoBundleLock supertab 66511772a430a5eaad7f7d03dbb02e8f33c4a641
NeoBundleLock tagbar 7b36c46d17d57db34fdb0adac9ba6382d0bb5e66
NeoBundleLock unite-help f61cbf4015c143ebe6ca6cb589b088665a8325cd
NeoBundleLock unite-mark c6353b0b0a3ecb2dd316b57a351cd71eb580bf57
NeoBundleLock unite-outline 5b14dd651b7d46706e72f6d4d8683f5a03d740f7
NeoBundleLock unite-session 1b7dbf17d891c6e1570ffb5676311d64b854df9d
NeoBundleLock unite.vim 73df97bcb024952721a1e9f50ad2b43b2dbc99f8
NeoBundleLock vifm.vim 9acd9e1ee444f70f0bf701591c39c133f3069bcb
NeoBundleLock vim-airline 14d14cf951c08fc88ca6c3e6f28fe47b99421e23
NeoBundleLock vim-buffergator 611966d1ced784d5659c5dc07e984fabd95d917f
NeoBundleLock vim-fugitive 9835920a3c91236021fc8c88cc4157304e24356b
NeoBundleLock vim-gitgutter 4bed1da6486f26324f97307e0f20574af0f549ea
NeoBundleLock vim-oblique c9c93ee27ae18ec8744ec262fe8d7576b35a938f
NeoBundleLock vim-peekaboo 111c4bacbe5216022d56489c366bf4ce985506e9
NeoBundleLock vim-pseudocl 3bf5a8250f81ce52506a6720bed8b3c47c12aec7
NeoBundleLock vim-repeat 7a6675f092842c8f81e71d5345bd7cdbf3759415
NeoBundleLock vim-rsi b689ee4276d82feb21b21661a6500755ff6b2fde
NeoBundleLock vim-startify e74cc71b1b7b33f6df6e8b48ff4b0f587f6bfed9
NeoBundleLock vim-unite-history 73c766a4dcaa52a1c0306aad81403dc4457c1776
NeoBundleLock vim-virtualenv 49a7e89003c4644f1ec83f2ce7e4388b09b0da74
NeoBundleLock vimfiler.vim 67a06d544df13901f50423c88af0043db8e8c9bc
NeoBundleLock vimproc.vim 922fe9eb0e051792aabc9400ff08546e759a16f4
NeoBundleLock vinarise.vim 8018be38572ad85950eb7bb372fba4232ea933cb
