NeoBundleLock DirDiff.vim 6c111f8b10c464afa45c6b62820bf3b50828c627
NeoBundleLock IndexedSearch 500a64a50dda26a4553b296c52eb6610bef55ae6
NeoBundleLock Tail-Bundle 958f11501032dbf0325f06578cbc6ec195dc2f37
NeoBundleLock YouCompleteMe be0de73c42b30fb4b5d472ea2d5ad7f1540bd728
NeoBundleLock ctrlp.vim 7f74368d85bb521951dd58123349ce66b947d058
NeoBundleLock dwm.vim cb7e6dd3031e3d8b27c11757ca3b49893ad919de
NeoBundleLock goyo.vim cb697998cce4d5a50fb1749310147ae16b0d70e6
NeoBundleLock gundo.vim e7fe41024ace9047eee610f23311d44fd9d917c0
NeoBundleLock neobundle.vim cfbbde55a6b64251a7edec37f114bde614113613
NeoBundleLock nerdcommenter 1f4bfd59920c101a30a74a07b824608a6e65f3fe
NeoBundleLock prolog.vim 280a5ec5d219900042585a862e5fab0c44dcd733
NeoBundleLock promptline.vim b6ce058b1321bdbfc1b0369cf0a6f7c1e58e99e3
NeoBundleLock restore_view.vim 8b933436e3ab8dec120841027183f0d72a4e2096
NeoBundleLock tagbar 7b36c46d17d57db34fdb0adac9ba6382d0bb5e66
NeoBundleLock unite-help f61cbf4015c143ebe6ca6cb589b088665a8325cd
NeoBundleLock unite-mark c6353b0b0a3ecb2dd316b57a351cd71eb580bf57
NeoBundleLock unite-outline 7c34d0eacbfe7a06f1d37c08705f93df031900a4
NeoBundleLock unite-session 1b7dbf17d891c6e1570ffb5676311d64b854df9d
NeoBundleLock unite.vim f53e148f3aab6265fd8c411c4cee92ff826538a5
NeoBundleLock vifm.vim 9acd9e1ee444f70f0bf701591c39c133f3069bcb
NeoBundleLock vim-airline 14d14cf951c08fc88ca6c3e6f28fe47b99421e23
NeoBundleLock vim-buffergator 9a6a946a41bcf492dfe8da5eee4cc2ee3d55c77f
NeoBundleLock vim-fugitive 9835920a3c91236021fc8c88cc4157304e24356b
NeoBundleLock vim-gitgutter 0af9f2a3ab029054d279f69364351e95e107008a
NeoBundleLock vim-oblique c9c93ee27ae18ec8744ec262fe8d7576b35a938f
NeoBundleLock vim-peekaboo b14a7496897bb0a520bed4f519ca79a683bafeec
NeoBundleLock vim-pseudocl 3bf5a8250f81ce52506a6720bed8b3c47c12aec7
NeoBundleLock vim-repeat 7a6675f092842c8f81e71d5345bd7cdbf3759415
NeoBundleLock vim-rsi b689ee4276d82feb21b21661a6500755ff6b2fde
NeoBundleLock vim-startify 23e043cc828b76524edc09f7dd091753dd1c7f12
NeoBundleLock vim-unite-history 73c766a4dcaa52a1c0306aad81403dc4457c1776
NeoBundleLock vim-virtualenv 49a7e89003c4644f1ec83f2ce7e4388b09b0da74
NeoBundleLock vimfiler.vim 67a06d544df13901f50423c88af0043db8e8c9bc
NeoBundleLock vimproc.vim 78cbb5c683026085de133f160929ccc56a6b203a
NeoBundleLock vinarise.vim 19f5271c22921920a96dfe59ac7949f0c6fcc39d
